
Microsoft Visual Studio Solution File, Format Version 12.00
# Visual Studio 15
VisualStudioVersion = 15.0.27428.2002
MinimumVisualStudioVersion = 10.0.40219.1
Project("{FAE04EC0-301F-11D3-BF4B-00C04F79EFBC}") = "HProject", "HProject\HProject.csproj", "{FF5E2F44-2041-4596-B27F-D8218085FF75}"
EndProject
Project("{FAE04EC0-301F-11D3-BF4B-00C04F79EFBC}") = "HProjectStaff", "HProjectStaff\HProjectStaff.csproj", "{9DB78569-B432-4610-9D67-77B810D0CB1C}"
EndProject
Global
	GlobalSection(SolutionConfigurationPlatforms) = preSolution
		Debug|Any CPU = Debug|Any CPU
		Release|Any CPU = Release|Any CPU
	EndGlobalSection
	GlobalSection(ProjectConfigurationPlatforms) = postSolution
		{FF5E2F44-2041-4596-B27F-D8218085FF75}.Debug|Any CPU.ActiveCfg = Debug|Any CPU
		{FF5E2F44-2041-4596-B27F-D8218085FF75}.Debug|Any CPU.Build.0 = Debug|Any CPU
		{FF5E2F44-2041-4596-B27F-D8218085FF75}.Release|Any CPU.ActiveCfg = Release|Any CPU
		{FF5E2F44-2041-4596-B27F-D8218085FF75}.Release|Any CPU.Build.0 = Release|Any CPU
		{9DB78569-B432-4610-9D67-77B810D0CB1C}.Debug|Any CPU.ActiveCfg = Debug|Any CPU
		{9DB78569-B432-4610-9D67-77B810D0CB1C}.Debug|Any CPU.Build.0 = Debug|Any CPU
		{9DB78569-B432-4610-9D67-77B810D0CB1C}.Release|Any CPU.ActiveCfg = Release|Any CPU
		{9DB78569-B432-4610-9D67-77B810D0CB1C}.Release|Any CPU.Build.0 = Release|Any CPU
	EndGlobalSection
	GlobalSection(SolutionProperties) = preSolution
		HideSolutionNode = FALSE
	EndGlobalSection
	GlobalSection(ExtensibilityGlobals) = postSolution
		SolutionGuid = {A7E72C34-E95E-4E1D-924A-D428193BFEB0}
	EndGlobalSection
EndGlobal
